
Microsoft Visual Studio Solution File, Format Version 12.00
# Visual Studio 15
VisualStudioVersion = 15.0.28307.1259
MinimumVisualStudioVersion = 10.0.40219.1
Project("{D2ABAB84-BF74-430A-B69E-9DC6D40DDA17}") = "DatamartVentasMolap", "DatamartVentasMolap\DatamartVentasMolap.dwproj", "{523DCB66-AE2D-4130-8860-EAB7FB48E586}"
EndProject
Global
	GlobalSection(SolutionConfigurationPlatforms) = preSolution
		Development|Default = Development|Default
	EndGlobalSection
	GlobalSection(ProjectConfigurationPlatforms) = postSolution
		{523DCB66-AE2D-4130-8860-EAB7FB48E586}.Development|Default.ActiveCfg = Development
		{523DCB66-AE2D-4130-8860-EAB7FB48E586}.Development|Default.Build.0 = Development
		{523DCB66-AE2D-4130-8860-EAB7FB48E586}.Development|Default.Deploy.0 = Development
	EndGlobalSection
	GlobalSection(SolutionProperties) = preSolution
		HideSolutionNode = FALSE
	EndGlobalSection
	GlobalSection(ExtensibilityGlobals) = postSolution
		SolutionGuid = {97B4FD90-D421-4808-AD16-F3FEB526B8DE}
	EndGlobalSection
EndGlobal
